
Microsoft Visual Studio Solution File, Format Version 12.00
# Visual Studio Version 17
VisualStudioVersion = 17.14.37710.0 d17.14
MinimumVisualStudioVersion = 10.0.40219.1
Project("{FAE04EC0-301F-11D3-BF4B-00C04F79EFBC}") = "QuanLyThuVien", "QuanLyThuVien\QuanLyThuVien.csproj", "{582C7FC9-36C7-4744-8A46-648B72690D54}"
EndProject
Global
	GlobalSection(SolutionConfigurationPlatforms) = preSolution
		Debug|Any CPU = Debug|Any CPU
		Release|Any CPU = Release|Any CPU
	EndGlobalSection
	GlobalSection(ProjectConfigurationPlatforms) = postSolution
		{582C7FC9-36C7-4744-8A46-648B72690D54}.Debug|Any CPU.ActiveCfg = Debug|Any CPU
		{582C7FC9-36C7-4744-8A46-648B72690D54}.Debug|Any CPU.Build.0 = Debug|Any CPU
		{582C7FC9-36C7-4744-8A46-648B72690D54}.Release|Any CPU.ActiveCfg = Release|Any CPU
		{582C7FC9-36C7-4744-8A46-648B72690D54}.Release|Any CPU.Build.0 = Release|Any CPU
	EndGlobalSection
	GlobalSection(SolutionProperties) = preSolution
		HideSolutionNode = FALSE
	EndGlobalSection
	GlobalSection(ExtensibilityGlobals) = postSolution
		SolutionGuid = {A1BBD080-A3FF-435B-B181-886801116CBB}
	EndGlobalSection
EndGlobal
